
Microsoft Visual Studio Solution File, Format Version 12.00
# Visual Studio Version 17
VisualStudioVersion = 17.13.35828.75 d17.13
MinimumVisualStudioVersion = 10.0.40219.1
Project("{FAE04EC0-301F-11D3-BF4B-00C04F79EFBC}") = "demo-function-app-123", "demo-function-app-123\demo-function-app-123.csproj", "{BAA13F31-AC51-4059-B9E1-30E07C68955A}"
EndProject
Global
	GlobalSection(SolutionConfigurationPlatforms) = preSolution
		Debug|Any CPU = Debug|Any CPU
		Release|Any CPU = Release|Any CPU
	EndGlobalSection
	GlobalSection(ProjectConfigurationPlatforms) = postSolution
		{BAA13F31-AC51-4059-B9E1-30E07C68955A}.Debug|Any CPU.ActiveCfg = Debug|Any CPU
		{BAA13F31-AC51-4059-B9E1-30E07C68955A}.Debug|Any CPU.Build.0 = Debug|Any CPU
		{BAA13F31-AC51-4059-B9E1-30E07C68955A}.Release|Any CPU.ActiveCfg = Release|Any CPU
		{BAA13F31-AC51-4059-B9E1-30E07C68955A}.Release|Any CPU.Build.0 = Release|Any CPU
	EndGlobalSection
	GlobalSection(SolutionProperties) = preSolution
		HideSolutionNode = FALSE
	EndGlobalSection
	GlobalSection(ExtensibilityGlobals) = postSolution
		SolutionGuid = {7AB78052-EC9C-43A1-82E9-57A326729672}
	EndGlobalSection
EndGlobal
